# THIS IS AN AUTOGENERATED FILE. DO NOT EDIT THIS FILE DIRECTLY.
# yarn lockfile v1


fast-memoize@^2.3.2:
  version "2.3.2"
  resolved "https://registry.yarnpkg.com/fast-memoize/-/fast-memoize-2.3.2.tgz#f6b9eb8e06a754029cca25b4cd3945f2f6242c90"

graphql-type-json@^0.2.0:
  version "0.2.0"
  resolved "https://registry.yarnpkg.com/graphql-type-json/-/graphql-type-json-0.2.0.tgz#34c1a5fc2b7707a367c436482b253dbeebf1130e"

typiql@^0.3.0:
  version "0.3.0"
  resolved "https://registry.yarnpkg.com/typiql/-/typiql-0.3.0.tgz#7ef53bec969cdc20d9f11ede3a65483e4d4d2255"
